
Microsoft Visual Studio Solution File, Format Version 12.00
# Visual Studio Version 16
VisualStudioVersion = 16.0.30104.148
MinimumVisualStudioVersion = 10.0.40219.1
Project("{FAE04EC0-301F-11D3-BF4B-00C04F79EFBC}") = "GestureDemo.Android", "GestureDemo\GestureDemo.Android\GestureDemo.Android.csproj", "{3756A325-5C3F-4F56-AB5B-7431C6C71EF6}"
EndProject
Project("{FAE04EC0-301F-11D3-BF4B-00C04F79EFBC}") = "GestureDemo.iOS", "GestureDemo\GestureDemo.iOS\GestureDemo.iOS.csproj", "{11375350-BB58-4058-894C-A776768F9DD1}"
EndProject
Project("{FAE04EC0-301F-11D3-BF4B-00C04F79EFBC}") = "GestureDemo", "GestureDemo\GestureDemo\GestureDemo.csproj", "{855870ED-8876-4C4A-80D0-A6D933AA30C1}"
EndProject
Global
	GlobalSection(SolutionConfigurationPlatforms) = preSolution
		Debug|Any CPU = Debug|Any CPU
		Debug|iPhone = Debug|iPhone
		Debug|iPhoneSimulator = Debug|iPhoneSimulator
		Release|Any CPU = Release|Any CPU
		Release|iPhone = Release|iPhone
		Release|iPhoneSimulator = Release|iPhoneSimulator
	EndGlobalSection
	GlobalSection(ProjectConfigurationPlatforms) = postSolution
		{3756A325-5C3F-4F56-AB5B-7431C6C71EF6}.Debug|Any CPU.ActiveCfg = Debug|Any CPU
		{3756A325-5C3F-4F56-AB5B-7431C6C71EF6}.Debug|Any CPU.Build.0 = Debug|Any CPU
		{3756A325-5C3F-4F56-AB5B-7431C6C71EF6}.Debug|Any CPU.Deploy.0 = Debug|Any CPU
		{3756A325-5C3F-4F56-AB5B-7431C6C71EF6}.Debug|iPhone.ActiveCfg = Debug|Any CPU
		{3756A325-5C3F-4F56-AB5B-7431C6C71EF6}.Debug|iPhone.Build.0 = Debug|Any CPU
		{3756A325-5C3F-4F56-AB5B-7431C6C71EF6}.Debug|iPhone.Deploy.0 = Debug|Any CPU
		{3756A325-5C3F-4F56-AB5B-7431C6C71EF6}.Debug|iPhoneSimulator.ActiveCfg = Debug|Any CPU
		{3756A325-5C3F-4F56-AB5B-7431C6C71EF6}.Debug|iPhoneSimulator.Build.0 = Debug|Any CPU
		{3756A325-5C3F-4F56-AB5B-7431C6C71EF6}.Debug|iPhoneSimulator.Deploy.0 = Debug|Any CPU
		{3756A325-5C3F-4F56-AB5B-7431C6C71EF6}.Release|Any CPU.ActiveCfg = Release|Any CPU
		{3756A325-5C3F-4F56-AB5B-7431C6C71EF6}.Release|Any CPU.Build.0 = Release|Any CPU
		{3756A325-5C3F-4F56-AB5B-7431C6C71EF6}.Release|Any CPU.Deploy.0 = Release|Any CPU
		{3756A325-5C3F-4F56-AB5B-7431C6C71EF6}.Release|iPhone.ActiveCfg = Release|Any CPU
		{3756A325-5C3F-4F56-AB5B-7431C6C71EF6}.Release|iPhone.Build.0 = Release|Any CPU
		{3756A325-5C3F-4F56-AB5B-7431C6C71EF6}.Release|iPhone.Deploy.0 = Release|Any CPU
		{3756A325-5C3F-4F56-AB5B-7431C6C71EF6}.Release|iPhoneSimulator.ActiveCfg = Release|Any CPU
		{3756A325-5C3F-4F56-AB5B-7431C6C71EF6}.Release|iPhoneSimulator.Build.0 = Release|Any CPU
		{3756A325-5C3F-4F56-AB5B-7431C6C71EF6}.Release|iPhoneSimulator.Deploy.0 = Release|Any CPU
		{11375350-BB58-4058-894C-A776768F9DD1}.Debug|Any CPU.ActiveCfg = Debug|iPhone
		{11375350-BB58-4058-894C-A776768F9DD1}.Debug|Any CPU.Build.0 = Debug|iPhone
		{11375350-BB58-4058-894C-A776768F9DD1}.Debug|Any CPU.Deploy.0 = Debug|iPhone
		{11375350-BB58-4058-894C-A776768F9DD1}.Debug|iPhone.ActiveCfg = Debug|iPhone
		{11375350-BB58-4058-894C-A776768F9DD1}.Debug|iPhone.Build.0 = Debug|iPhone
		{11375350-BB58-4058-894C-A776768F9DD1}.Debug|iPhone.Deploy.0 = Debug|iPhone
		{11375350-BB58-4058-894C-A776768F9DD1}.Debug|iPhoneSimulator.ActiveCfg = Debug|iPhoneSimulator
		{11375350-BB58-4058-894C-A776768F9DD1}.Debug|iPhoneSimulator.Build.0 = Debug|iPhoneSimulator
		{11375350-BB58-4058-894C-A776768F9DD1}.Debug|iPhoneSimulator.Deploy.0 = Debug|iPhoneSimulator
		{11375350-BB58-4058-894C-A776768F9DD1}.Release|Any CPU.ActiveCfg = Release|iPhone
		{11375350-BB58-4058-894C-A776768F9DD1}.Release|Any CPU.Build.0 = Release|iPhone
		{11375350-BB58-4058-894C-A776768F9DD1}.Release|Any CPU.Deploy.0 = Release|iPhone
		{11375350-BB58-4058-894C-A776768F9DD1}.Release|iPhone.ActiveCfg = Release|iPhone
		{11375350-BB58-4058-894C-A776768F9DD1}.Release|iPhone.Build.0 = Release|iPhone
		{11375350-BB58-4058-894C-A776768F9DD1}.Release|iPhone.Deploy.0 = Release|iPhone
		{11375350-BB58-4058-894C-A776768F9DD1}.Release|iPhoneSimulator.ActiveCfg = Release|iPhoneSimulator
		{11375350-BB58-4058-894C-A776768F9DD1}.Release|iPhoneSimulator.Build.0 = Release|iPhoneSimulator
		{11375350-BB58-4058-894C-A776768F9DD1}.Release|iPhoneSimulator.Deploy.0 = Release|iPhoneSimulator
		{855870ED-8876-4C4A-80D0-A6D933AA30C1}.Debug|Any CPU.ActiveCfg = Debug|Any CPU
		{855870ED-8876-4C4A-80D0-A6D933AA30C1}.Debug|Any CPU.Build.0 = Debug|Any CPU
		{855870ED-8876-4C4A-80D0-A6D933AA30C1}.Debug|Any CPU.Deploy.0 = Debug|Any CPU
		{855870ED-8876-4C4A-80D0-A6D933AA30C1}.Debug|iPhone.ActiveCfg = Debug|Any CPU
		{855870ED-8876-4C4A-80D0-A6D933AA30C1}.Debug|iPhone.Build.0 = Debug|Any CPU
		{855870ED-8876-4C4A-80D0-A6D933AA30C1}.Debug|iPhone.Deploy.0 = Debug|Any CPU
		{855870ED-8876-4C4A-80D0-A6D933AA30C1}.Debug|iPhoneSimulator.ActiveCfg = Debug|Any CPU
		{855870ED-8876-4C4A-80D0-A6D933AA30C1}.Debug|iPhoneSimulator.Build.0 = Debug|Any CPU
		{855870ED-8876-4C4A-80D0-A6D933AA30C1}.Debug|iPhoneSimulator.Deploy.0 = Debug|Any CPU
		{855870ED-8876-4C4A-80D0-A6D933AA30C1}.Release|Any CPU.ActiveCfg = Release|Any CPU
		{855870ED-8876-4C4A-80D0-A6D933AA30C1}.Release|Any CPU.Build.0 = Release|Any CPU
		{855870ED-8876-4C4A-80D0-A6D933AA30C1}.Release|Any CPU.Deploy.0 = Release|Any CPU
		{855870ED-8876-4C4A-80D0-A6D933AA30C1}.Release|iPhone.ActiveCfg = Release|Any CPU
		{855870ED-8876-4C4A-80D0-A6D933AA30C1}.Release|iPhone.Build.0 = Release|Any CPU
		{855870ED-8876-4C4A-80D0-A6D933AA30C1}.Release|iPhone.Deploy.0 = Release|Any CPU
		{855870ED-8876-4C4A-80D0-A6D933AA30C1}.Release|iPhoneSimulator.ActiveCfg = Release|Any CPU
		{855870ED-8876-4C4A-80D0-A6D933AA30C1}.Release|iPhoneSimulator.Build.0 = Release|Any CPU
		{855870ED-8876-4C4A-80D0-A6D933AA30C1}.Release|iPhoneSimulator.Deploy.0 = Release|Any CPU
	EndGlobalSection
	GlobalSection(SolutionProperties) = preSolution
		HideSolutionNode = FALSE
	EndGlobalSection
	GlobalSection(ExtensibilityGlobals) = postSolution
		SolutionGuid = {05CBC0EE-8B91-48A1-B7D0-B66924D5C659}
	EndGlobalSection
EndGlobal
